
Microsoft Visual Studio Solution File, Format Version 12.00
# Visual Studio Version 17
VisualStudioVersion = 17.8.34330.188
MinimumVisualStudioVersion = 10.0.40219.1
Project("{FAE04EC0-301F-11D3-BF4B-00C04F79EFBC}") = "my-books", "my-books\my-books.csproj", "{5B14EB76-A2AF-41DD-8762-00059B94E547}"
EndProject
Global
	GlobalSection(SolutionConfigurationPlatforms) = preSolution
		Debug|Any CPU = Debug|Any CPU
		Release|Any CPU = Release|Any CPU
	EndGlobalSection
	GlobalSection(ProjectConfigurationPlatforms) = postSolution
		{5B14EB76-A2AF-41DD-8762-00059B94E547}.Debug|Any CPU.ActiveCfg = Debug|Any CPU
		{5B14EB76-A2AF-41DD-8762-00059B94E547}.Debug|Any CPU.Build.0 = Debug|Any CPU
		{5B14EB76-A2AF-41DD-8762-00059B94E547}.Release|Any CPU.ActiveCfg = Release|Any CPU
		{5B14EB76-A2AF-41DD-8762-00059B94E547}.Release|Any CPU.Build.0 = Release|Any CPU
	EndGlobalSection
	GlobalSection(SolutionProperties) = preSolution
		HideSolutionNode = FALSE
	EndGlobalSection
	GlobalSection(ExtensibilityGlobals) = postSolution
		SolutionGuid = {F89E0170-011F-461D-BCF5-18A93652849A}
	EndGlobalSection
EndGlobal
